
Microsoft Visual Studio Solution File, Format Version 12.00
# Visual Studio Version 17
VisualStudioVersion = 17.7.34031.279
MinimumVisualStudioVersion = 10.0.40219.1
Project("{FAE04EC0-301F-11D3-BF4B-00C04F79EFBC}") = "RubricaTelefonicaWPF", "RubricaTelefonicaWPF.csproj", "{09F7F6CC-4E45-4BAE-8B24-1B83376EF301}"
EndProject
Global
	GlobalSection(SolutionConfigurationPlatforms) = preSolution
		Debug|Any CPU = Debug|Any CPU
		Release|Any CPU = Release|Any CPU
	EndGlobalSection
	GlobalSection(ProjectConfigurationPlatforms) = postSolution
		{09F7F6CC-4E45-4BAE-8B24-1B83376EF301}.Debug|Any CPU.ActiveCfg = Debug|Any CPU
		{09F7F6CC-4E45-4BAE-8B24-1B83376EF301}.Debug|Any CPU.Build.0 = Debug|Any CPU
		{09F7F6CC-4E45-4BAE-8B24-1B83376EF301}.Release|Any CPU.ActiveCfg = Release|Any CPU
		{09F7F6CC-4E45-4BAE-8B24-1B83376EF301}.Release|Any CPU.Build.0 = Release|Any CPU
	EndGlobalSection
	GlobalSection(SolutionProperties) = preSolution
		HideSolutionNode = FALSE
	EndGlobalSection
	GlobalSection(ExtensibilityGlobals) = postSolution
		SolutionGuid = {DA77181B-6A79-4F23-8704-75E1F9BF6C0D}
	EndGlobalSection
EndGlobal
